
Microsoft Visual Studio Solution File, Format Version 12.00
# Visual Studio Version 17
VisualStudioVersion = 17.3.32929.385
MinimumVisualStudioVersion = 10.0.40219.1
Project("{9A19103F-16F7-4668-BE54-9A1E7A4F7556}") = "TestMindbox1", "TestMindbox1\TestMindbox1.csproj", "{F8B6C5AF-D5FE-4A8A-BE55-16B5EA803E5D}"
EndProject
Project("{9A19103F-16F7-4668-BE54-9A1E7A4F7556}") = "AreaCalculation", "AreaCalculation\AreaCalculation.csproj", "{04F86D3E-E32A-48F3-9A82-66FEFB3DADEC}"
EndProject
Global
	GlobalSection(SolutionConfigurationPlatforms) = preSolution
		Debug|Any CPU = Debug|Any CPU
		Release|Any CPU = Release|Any CPU
	EndGlobalSection
	GlobalSection(ProjectConfigurationPlatforms) = postSolution
		{F8B6C5AF-D5FE-4A8A-BE55-16B5EA803E5D}.Debug|Any CPU.ActiveCfg = Debug|Any CPU
		{F8B6C5AF-D5FE-4A8A-BE55-16B5EA803E5D}.Debug|Any CPU.Build.0 = Debug|Any CPU
		{F8B6C5AF-D5FE-4A8A-BE55-16B5EA803E5D}.Release|Any CPU.ActiveCfg = Release|Any CPU
		{F8B6C5AF-D5FE-4A8A-BE55-16B5EA803E5D}.Release|Any CPU.Build.0 = Release|Any CPU
		{04F86D3E-E32A-48F3-9A82-66FEFB3DADEC}.Debug|Any CPU.ActiveCfg = Debug|Any CPU
		{04F86D3E-E32A-48F3-9A82-66FEFB3DADEC}.Debug|Any CPU.Build.0 = Debug|Any CPU
		{04F86D3E-E32A-48F3-9A82-66FEFB3DADEC}.Release|Any CPU.ActiveCfg = Release|Any CPU
		{04F86D3E-E32A-48F3-9A82-66FEFB3DADEC}.Release|Any CPU.Build.0 = Release|Any CPU
	EndGlobalSection
	GlobalSection(SolutionProperties) = preSolution
		HideSolutionNode = FALSE
	EndGlobalSection
	GlobalSection(ExtensibilityGlobals) = postSolution
		SolutionGuid = {BBB31899-109C-46FF-8849-895E0CFF38A1}
	EndGlobalSection
EndGlobal
